
Microsoft Visual Studio Solution File, Format Version 12.00
# Visual Studio Version 16
VisualStudioVersion = 16.0.32106.194
MinimumVisualStudioVersion = 10.0.40219.1
Project("{9A19103F-16F7-4668-BE54-9A1E7A4F7556}") = "WebApiTestCrud_Po01", "WebApiTestCrud_Po01\WebApiTestCrud_Po01.csproj", "{254E78ED-FBB3-4F71-A158-40E881368640}"
EndProject
Project("{9A19103F-16F7-4668-BE54-9A1E7A4F7556}") = "WebApiTestCrud_Po02", "WebApiTestCrud_Po02\WebApiTestCrud_Po02.csproj", "{8A24ABE1-07E6-4EDC-847B-707CA3912F6D}"
EndProject
Project("{FAE04EC0-301F-11D3-BF4B-00C04F79EFBC}") = "WebApiTestCrud_Po03", "WebApiTestCrud_Po03\WebApiTestCrud_Po03.csproj", "{3699A478-5BCF-4CAA-A9C7-13361D2B7A96}"
EndProject
Project("{FAE04EC0-301F-11D3-BF4B-00C04F79EFBC}") = "WebApiTestCrud_Po04", "WebApiTestCrud_Po04\WebApiTestCrud_Po04.csproj", "{496C67C5-8790-4EF5-B125-1A3B2029028F}"
EndProject
Project("{FAE04EC0-301F-11D3-BF4B-00C04F79EFBC}") = "WebApiTestCrud_Po05", "WebApiTestCrud_Po05\WebApiTestCrud_Po05.csproj", "{0C281F79-2838-47F9-9A0B-BBD96EA08694}"
EndProject
Global
	GlobalSection(SolutionConfigurationPlatforms) = preSolution
		Debug|Any CPU = Debug|Any CPU
		Release|Any CPU = Release|Any CPU
	EndGlobalSection
	GlobalSection(ProjectConfigurationPlatforms) = postSolution
		{254E78ED-FBB3-4F71-A158-40E881368640}.Debug|Any CPU.ActiveCfg = Debug|Any CPU
		{254E78ED-FBB3-4F71-A158-40E881368640}.Debug|Any CPU.Build.0 = Debug|Any CPU
		{254E78ED-FBB3-4F71-A158-40E881368640}.Release|Any CPU.ActiveCfg = Release|Any CPU
		{254E78ED-FBB3-4F71-A158-40E881368640}.Release|Any CPU.Build.0 = Release|Any CPU
		{8A24ABE1-07E6-4EDC-847B-707CA3912F6D}.Debug|Any CPU.ActiveCfg = Debug|Any CPU
		{8A24ABE1-07E6-4EDC-847B-707CA3912F6D}.Debug|Any CPU.Build.0 = Debug|Any CPU
		{8A24ABE1-07E6-4EDC-847B-707CA3912F6D}.Release|Any CPU.ActiveCfg = Release|Any CPU
		{8A24ABE1-07E6-4EDC-847B-707CA3912F6D}.Release|Any CPU.Build.0 = Release|Any CPU
		{3699A478-5BCF-4CAA-A9C7-13361D2B7A96}.Debug|Any CPU.ActiveCfg = Debug|Any CPU
		{3699A478-5BCF-4CAA-A9C7-13361D2B7A96}.Debug|Any CPU.Build.0 = Debug|Any CPU
		{3699A478-5BCF-4CAA-A9C7-13361D2B7A96}.Release|Any CPU.ActiveCfg = Release|Any CPU
		{3699A478-5BCF-4CAA-A9C7-13361D2B7A96}.Release|Any CPU.Build.0 = Release|Any CPU
		{496C67C5-8790-4EF5-B125-1A3B2029028F}.Debug|Any CPU.ActiveCfg = Debug|Any CPU
		{496C67C5-8790-4EF5-B125-1A3B2029028F}.Debug|Any CPU.Build.0 = Debug|Any CPU
		{496C67C5-8790-4EF5-B125-1A3B2029028F}.Release|Any CPU.ActiveCfg = Release|Any CPU
		{496C67C5-8790-4EF5-B125-1A3B2029028F}.Release|Any CPU.Build.0 = Release|Any CPU
		{0C281F79-2838-47F9-9A0B-BBD96EA08694}.Debug|Any CPU.ActiveCfg = Debug|Any CPU
		{0C281F79-2838-47F9-9A0B-BBD96EA08694}.Debug|Any CPU.Build.0 = Debug|Any CPU
		{0C281F79-2838-47F9-9A0B-BBD96EA08694}.Release|Any CPU.ActiveCfg = Release|Any CPU
		{0C281F79-2838-47F9-9A0B-BBD96EA08694}.Release|Any CPU.Build.0 = Release|Any CPU
	EndGlobalSection
	GlobalSection(SolutionProperties) = preSolution
		HideSolutionNode = FALSE
	EndGlobalSection
	GlobalSection(ExtensibilityGlobals) = postSolution
		SolutionGuid = {E1C35E89-1B99-4123-B249-D91909C3B462}
	EndGlobalSection
EndGlobal
